
Microsoft Visual Studio Solution File, Format Version 12.00
# Visual Studio Version 16
VisualStudioVersion = 16.0.30804.86
MinimumVisualStudioVersion = 10.0.40219.1
Project("{F184B08F-C81C-45F6-A57F-5ABD9991F28F}") = "dashboardguna", "dashboardguna\dashboardguna.vbproj", "{D8DB94B0-8468-4A97-B738-ADD45A7146EB}"
EndProject
Global
	GlobalSection(SolutionConfigurationPlatforms) = preSolution
		Debug|Any CPU = Debug|Any CPU
		Release|Any CPU = Release|Any CPU
	EndGlobalSection
	GlobalSection(ProjectConfigurationPlatforms) = postSolution
		{D8DB94B0-8468-4A97-B738-ADD45A7146EB}.Debug|Any CPU.ActiveCfg = Debug|Any CPU
		{D8DB94B0-8468-4A97-B738-ADD45A7146EB}.Debug|Any CPU.Build.0 = Debug|Any CPU
		{D8DB94B0-8468-4A97-B738-ADD45A7146EB}.Release|Any CPU.ActiveCfg = Release|Any CPU
		{D8DB94B0-8468-4A97-B738-ADD45A7146EB}.Release|Any CPU.Build.0 = Release|Any CPU
	EndGlobalSection
	GlobalSection(SolutionProperties) = preSolution
		HideSolutionNode = FALSE
	EndGlobalSection
	GlobalSection(ExtensibilityGlobals) = postSolution
		SolutionGuid = {EB2C7FBB-90B8-49C2-9ECC-9D339FC82BA4}
	EndGlobalSection
EndGlobal
